
Microsoft Visual Studio Solution File, Format Version 12.00
# Visual Studio 15
VisualStudioVersion = 15.0.28010.2003
MinimumVisualStudioVersion = 10.0.40219.1
Project("{FAE04EC0-301F-11D3-BF4B-00C04F79EFBC}") = "WebApplication1", "WebApplication1\WebApplication1.csproj", "{926C7D57-5124-415F-813C-3D364F1362EB}"
EndProject
Project("{9A19103F-16F7-4668-BE54-9A1E7A4F7556}") = "Business", "Business\Business.csproj", "{06DEA11A-146D-483E-83F5-58B5B05472D5}"
EndProject
Project("{9A19103F-16F7-4668-BE54-9A1E7A4F7556}") = "Data", "Data\Data.csproj", "{9515949F-6A00-455C-8D82-802C4CB24D89}"
EndProject
Project("{9A19103F-16F7-4668-BE54-9A1E7A4F7556}") = "Entities", "Entities\Entities.csproj", "{F2B7801A-E192-46E4-852A-59981723F196}"
EndProject
Project("{FAE04EC0-301F-11D3-BF4B-00C04F79EFBC}") = "UnitTestProject1", "UnitTestProject1\UnitTestProject1.csproj", "{B297632B-2741-4860-8514-6BF1E0794800}"
EndProject
Global
	GlobalSection(SolutionConfigurationPlatforms) = preSolution
		Debug|Any CPU = Debug|Any CPU
		Release|Any CPU = Release|Any CPU
	EndGlobalSection
	GlobalSection(ProjectConfigurationPlatforms) = postSolution
		{926C7D57-5124-415F-813C-3D364F1362EB}.Debug|Any CPU.ActiveCfg = Debug|Any CPU
		{926C7D57-5124-415F-813C-3D364F1362EB}.Debug|Any CPU.Build.0 = Debug|Any CPU
		{926C7D57-5124-415F-813C-3D364F1362EB}.Release|Any CPU.ActiveCfg = Release|Any CPU
		{926C7D57-5124-415F-813C-3D364F1362EB}.Release|Any CPU.Build.0 = Release|Any CPU
		{06DEA11A-146D-483E-83F5-58B5B05472D5}.Debug|Any CPU.ActiveCfg = Debug|Any CPU
		{06DEA11A-146D-483E-83F5-58B5B05472D5}.Debug|Any CPU.Build.0 = Debug|Any CPU
		{06DEA11A-146D-483E-83F5-58B5B05472D5}.Release|Any CPU.ActiveCfg = Release|Any CPU
		{06DEA11A-146D-483E-83F5-58B5B05472D5}.Release|Any CPU.Build.0 = Release|Any CPU
		{9515949F-6A00-455C-8D82-802C4CB24D89}.Debug|Any CPU.ActiveCfg = Debug|Any CPU
		{9515949F-6A00-455C-8D82-802C4CB24D89}.Debug|Any CPU.Build.0 = Debug|Any CPU
		{9515949F-6A00-455C-8D82-802C4CB24D89}.Release|Any CPU.ActiveCfg = Release|Any CPU
		{9515949F-6A00-455C-8D82-802C4CB24D89}.Release|Any CPU.Build.0 = Release|Any CPU
		{F2B7801A-E192-46E4-852A-59981723F196}.Debug|Any CPU.ActiveCfg = Debug|Any CPU
		{F2B7801A-E192-46E4-852A-59981723F196}.Debug|Any CPU.Build.0 = Debug|Any CPU
		{F2B7801A-E192-46E4-852A-59981723F196}.Release|Any CPU.ActiveCfg = Release|Any CPU
		{F2B7801A-E192-46E4-852A-59981723F196}.Release|Any CPU.Build.0 = Release|Any CPU
		{B297632B-2741-4860-8514-6BF1E0794800}.Debug|Any CPU.ActiveCfg = Debug|Any CPU
		{B297632B-2741-4860-8514-6BF1E0794800}.Debug|Any CPU.Build.0 = Debug|Any CPU
		{B297632B-2741-4860-8514-6BF1E0794800}.Release|Any CPU.ActiveCfg = Release|Any CPU
		{B297632B-2741-4860-8514-6BF1E0794800}.Release|Any CPU.Build.0 = Release|Any CPU
	EndGlobalSection
	GlobalSection(SolutionProperties) = preSolution
		HideSolutionNode = FALSE
	EndGlobalSection
	GlobalSection(ExtensibilityGlobals) = postSolution
		SolutionGuid = {4DA80AD7-D385-4E1F-B469-2C41B64531D9}
	EndGlobalSection
EndGlobal
